{
  "version": 4,
  "terraform_version": "1.12.1",
  "serial": 2,
  "lineage": "9c81ea85-2631-c0d4-c4b5-56b6ef4d9025",
  "outputs": {
    "api_key": {
      "value": "your_api_key_here",
      "type": "string",
      "sensitive": true
    },
    "application_name": {
      "value": "Priyank-App - UAT",
      "type": "string"
    },
    "environment_env": {
      "value": "UAT",
      "type": "string"
    },
    "primary_region": {
      "value": "Dracarus",
      "type": "string"
    },
    "primary_region_instance_count": {
      "value": 3,
      "type": "number"
    }
  },
  "resources": [
    {
      "mode": "managed",
      "type": "random_string",
      "name": "password",
      "provider": "provider[\"registry.terraform.io/hashicorp/random\"]",
      "instances": [
        {
          "schema_version": 2,
          "attributes": {
            "id": "lq4w9sxs",
            "keepers": null,
            "length": 8,
            "lower": true,
            "min_lower": 0,
            "min_numeric": 0,
            "min_special": 0,
            "min_upper": 0,
            "number": true,
            "numeric": true,
            "override_special": null,
            "result": "lq4w9sxs",
            "special": false,
            "upper": false
          },
          "sensitive_attributes": [],
          "identity_schema_version": 0
        }
      ]
    }
  ],
  "check_results": [
    {
      "object_kind": "var",
      "config_addr": "var.instance_count",
      "status": "pass",
      "objects": [
        {
          "object_addr": "var.instance_count",
          "status": "pass"
        }
      ]
    }
  ]
}
